
Microsoft Visual Studio Solution File, Format Version 12.00
# Visual Studio Version 16
VisualStudioVersion = 16.0.31911.196
MinimumVisualStudioVersion = 10.0.40219.1
Project("{FAE04EC0-301F-11D3-BF4B-00C04F79EFBC}") = "NIJ", "NIJ.csproj", "{F2FDDA0A-E3E1-4945-A451-326D22A9C2A2}"
EndProject
Project("{FAE04EC0-301F-11D3-BF4B-00C04F79EFBC}") = "NIJ-Tests", "..\NIJ-Tests\NIJ-Tests.csproj", "{5408D40B-B357-41C6-B89B-760497E41CFA}"
EndProject
Global
	GlobalSection(SolutionConfigurationPlatforms) = preSolution
		Debug|Any CPU = Debug|Any CPU
		Release|Any CPU = Release|Any CPU
	EndGlobalSection
	GlobalSection(ProjectConfigurationPlatforms) = postSolution
		{F2FDDA0A-E3E1-4945-A451-326D22A9C2A2}.Debug|Any CPU.ActiveCfg = Debug|Any CPU
		{F2FDDA0A-E3E1-4945-A451-326D22A9C2A2}.Debug|Any CPU.Build.0 = Debug|Any CPU
		{F2FDDA0A-E3E1-4945-A451-326D22A9C2A2}.Release|Any CPU.ActiveCfg = Release|Any CPU
		{F2FDDA0A-E3E1-4945-A451-326D22A9C2A2}.Release|Any CPU.Build.0 = Release|Any CPU
		{5408D40B-B357-41C6-B89B-760497E41CFA}.Debug|Any CPU.ActiveCfg = Debug|Any CPU
		{5408D40B-B357-41C6-B89B-760497E41CFA}.Debug|Any CPU.Build.0 = Debug|Any CPU
		{5408D40B-B357-41C6-B89B-760497E41CFA}.Release|Any CPU.ActiveCfg = Release|Any CPU
		{5408D40B-B357-41C6-B89B-760497E41CFA}.Release|Any CPU.Build.0 = Release|Any CPU
	EndGlobalSection
	GlobalSection(SolutionProperties) = preSolution
		HideSolutionNode = FALSE
	EndGlobalSection
	GlobalSection(ExtensibilityGlobals) = postSolution
		SolutionGuid = {7776F3F5-24A8-4C5C-81AE-0636EE7D6271}
	EndGlobalSection
EndGlobal
